{"1.1.0",
[{<<"cberl">>,
  {git,"https://github.com/chitika/cberl.git",
       {ref,"58032ee69f6b5024e29f27756545496af0579488"}},
  0},
 {<<"cowboy">>,{pkg,<<"cowboy">>,<<"2.3.0">>},0},
 {<<"cowlib">>,{pkg,<<"cowlib">>,<<"2.2.1">>},0},
 {<<"emysql">>,{pkg,<<"inaka_emysql">>,<<"0.4.4">>},0},
 {<<"goldrush">>,{pkg,<<"goldrush">>,<<"0.1.8">>},1},
 {<<"gun">>,{pkg,<<"gun">>,<<"1.0.0-pre.5">>},0},
 {<<"ibrowse">>,{pkg,<<"ibrowse">>,<<"4.4.0">>},0},
 {<<"jiffy">>,{pkg,<<"jiffy">>,<<"0.15.1">>},0},
 {<<"lager">>,{pkg,<<"lager">>,<<"3.2.1">>},0},
 {<<"observer_cli">>,{pkg,<<"observer_cli">>,<<"1.3.1">>},0},
 {<<"poolboy">>,{pkg,<<"poolboy">>,<<"1.5.1">>},0},
 {<<"quickrand">>,{pkg,<<"quickrand">>,<<"1.7.3">>},1},
 {<<"ranch">>,{pkg,<<"ranch">>,<<"1.4.0">>},0},
 {<<"recon">>,{pkg,<<"recon">>,<<"2.3.5">>},1},
 {<<"uuid">>,{pkg,<<"uuid_erl">>,<<"1.7.3">>},0}]}.
[
{pkg_hash,[
 {<<"cowboy">>, <<"268429481D6F41AD5564ADE4A2439C284B569083FCA0D19078AD4F56B4624724">>},
 {<<"cowlib">>, <<"1AFA5B233CEE8F642C153EC6F1DC48DB0DD9A43E2114BC8B43E9D59636F6AE1F">>},
 {<<"emysql">>, <<"28831000E15ED426B10BE50F6A4141356BAD576881F02EE3FC1ACE87B3235EF8">>},
 {<<"goldrush">>, <<"2024BA375CEEA47E27EA70E14D2C483B2D8610101B4E852EF7F89163CDB6E649">>},
 {<<"gun">>, <<"69A11E259D5BF7FD9B1A74E1AA98E7979C2AE3EBBDA27FE1B1C9CB4481F23BA3">>},
 {<<"ibrowse">>, <<"2D923325EFE0D2CB09B9C6A047B2835A5EDA69D8A47ED6FF8BC03628B764E991">>},
 {<<"jiffy">>, <<"BE83B09388DA1A6C7E798207C9D6A1C4D71BB95FCC387D37D35861788F49AB97">>},
 {<<"lager">>, <<"EEF4E18B39E4195D37606D9088EA05BF1B745986CF8EC84F01D332456FE88D17">>},
 {<<"observer_cli">>, <<"224C5957EDE1F0D787445EA5EE34634FBAB006FDA11E4D42F0250B6110D8ED31">>},
 {<<"poolboy">>, <<"6B46163901CFD0A1B43D692657ED9D7E599853B3B21B95AE5AE0A777CF9B6CA8">>},
 {<<"quickrand">>, <<"0E4FB48FAC904FE0C6E21D7E8C31A288A0700E1E81A35B38B649FC119079755D">>},
 {<<"ranch">>, <<"10272F95DA79340FA7E8774BA7930B901713D272905D0012B06CA6D994F8826B">>},
 {<<"recon">>, <<"5136EB8F8020A440F5F894F1C11E7FA9480315B2E6E398B0E46609CB963E768A">>},
 {<<"uuid">>, <<"C5DF97D1A3D626235C2415E74053C47B2138BB863C5CD802AB5CAECB8ECC019F">>}]}
].
